{
  "meteor": {},
  "dependencies": {
    "basePackages": {
      "iron-router": {},
      "sugarjs": {},
      "bootstrap-3": {},
      "font-awesome": {},
      "handlebar-helpers": {},
      "moment": {},
      "accounts-entry": {},
      "collection2": {},
      "iron-router-progress": {},
      "autoform": {},
      "accounts-linkedin": {},
      "GAnalytics": {},
      "apm": {},
      "connection-banner": {},
      "marked": {}
    },
    "packages": {
      "iron-router": {
        "git": "https://github.com/EventedMind/iron-router.git",
        "tag": "v0.6.4",
        "commit": "927bbaed1b87894fb6fb70807f74ff3a5bd89f29"
      },
      "sugarjs": {
        "git": "https://github.com/crapthings/meteor-sugarjs.git",
        "tag": "v1.4.0.1",
        "commit": "2841738b2c28d2d97c6cf3c41c4558f59f93db0e"
      },
      "bootstrap-3": {
        "git": "https://github.com/mangasocial/meteor-bootstrap-3.git",
        "tag": "v3.1.1-1",
        "commit": "63dd38968828bb8963636df93e9a1c45e2dfe67e"
      },
      "font-awesome": {
        "git": "https://github.com/nate-strauser/meteor-font-awesome.git",
        "tag": "v4.0.3",
        "commit": "61e9361384347547ae144f8228faa4deffda23db"
      },
      "handlebar-helpers": {
        "git": "https://github.com/raix/Meteor-handlebar-helpers.git",
        "tag": "v0.0.9",
        "commit": "71e94c99462b8801a34c5363510758b6ff5f5ac7"
      },
      "moment": {
        "git": "https://github.com/acreeger/meteor-moment.git",
        "tag": "v2.5.1",
        "commit": "8c9bc5d3fc96705057737cb9743d555417f6e551"
      },
      "accounts-entry": {
        "git": "https://github.com/BeDifferential/accounts-entry.git",
        "tag": "v0.6.2",
        "commit": "56c9b6c064cc0d92a97aa9b53a8f4da050f54c29"
      },
      "collection2": {
        "git": "https://github.com/aldeed/meteor-collection2.git",
        "tag": "v0.3.8",
        "commit": "69aff2a21ba3c382f915e1f9dbcca2ad38edb6d5"
      },
      "iron-router-progress": {
        "git": "https://github.com/Multiply/iron-router-progress.git",
        "tag": "v0.2.0",
        "commit": "ce730d1d26feadb7c75ea25f22c5bfdb0c549a8b"
      },
      "autoform": {
        "git": "https://github.com/aldeed/meteor-autoform.git",
        "tag": "v0.4.20",
        "commit": "d4d40a5356f9577a7d95d3526045035f3f1135af"
      },
      "accounts-linkedin": {
        "git": "https://github.com/yefim/meteor-accounts-linkedin.git",
        "tag": "v0.0.5",
        "commit": "0ccf12b93f5cd6f487caa68a12a640099e358ffd"
      },
      "GAnalytics": {
        "git": "https://github.com/datariot/meteor-ganalytics.git",
        "tag": "v0.1.1",
        "commit": "91b19d37687bb2cd7976fb43b482143a53509d7e"
      },
      "apm": {
        "git": "https://github.com/arunoda/meteor-apm-client.git",
        "tag": "v0.2.11",
        "commit": "4ee1a31248e45cbf98dfbdacd2daa82f0be7748b"
      },
      "connection-banner": {
        "git": "https://github.com/nate-strauser/meteor-connection-banner.git",
        "tag": "v0.1.1",
        "commit": "111dd29669c2e39dda222bbc4f87fd8e66e286a8"
      },
      "marked": {
        "git": "https://github.com/chuangbo/meteor-marked.git",
        "tag": "v0.3.1",
        "commit": "3d9a9c94793b20e1ee7c807931cb536010d6f820"
      },
      "just-i18n": {
        "git": "https://github.com/subhog/meteor-just-i18n.git",
        "tag": "v0.1.1",
        "commit": "ce88ac66c0dc107dc2da93ce152616115838101f"
      },
      "accounts-t9n": {
        "git": "https://github.com/softwarerero/meteor-accounts-t9n.git",
        "tag": "v0.0.2",
        "commit": "408e3a037114cb72163073110e2121e3d548c1a2"
      },
      "simple-schema": {
        "git": "https://github.com/aldeed/meteor-simple-schema.git",
        "tag": "v0.2.40",
        "commit": "d22892daa943e3567916effeaafd794ca6af5cd2"
      },
      "linkedin": {
        "git": "https://github.com/yefim/meteor-linkedin.git",
        "tag": "v0.0.2",
        "commit": "c3bac682ea0edd19e58b9172e708f91616888ba0"
      }
    }
  }
}
