{
  "meteor": {},
  "dependencies": {
    "basePackages": {
      "voltage": {},
      "iron-router": {},
      "sugarjs": {},
      "bootstrap-3": {},
      "font-awesome": {},
      "handlebar-helpers": {},
      "moment": {},
      "accounts-entry": {},
      "collection2": {},
      "iron-router-progress": {},
      "autoform": {}
    },
    "packages": {
      "voltage": {
        "git": "https://github.com/BeDifferential/meteor-voltage.git",
        "tag": "v0.0.4",
        "commit": "fbf50c683c35e67824d864edab24441d848cae9d"
      },
      "iron-router": {
        "git": "https://github.com/EventedMind/iron-router.git",
        "tag": "v0.6.3",
        "commit": "79861385df5d2b667630ec82abe4de3efa3166e3"
      },
      "sugarjs": {
        "git": "https://github.com/crapthings/meteor-sugarjs.git",
        "tag": "v1.4.0.1",
        "commit": "2841738b2c28d2d97c6cf3c41c4558f59f93db0e"
      },
      "bootstrap-3": {
        "git": "https://github.com/mangasocial/meteor-bootstrap-3.git",
        "tag": "v3.1.0-1",
        "commit": "329dccb08bfc18c635676dea600ac9953162cda9"
      },
      "font-awesome": {
        "git": "https://github.com/nate-strauser/meteor-font-awesome.git",
        "tag": "v4.0.3",
        "commit": "61e9361384347547ae144f8228faa4deffda23db"
      },
      "handlebar-helpers": {
        "git": "https://github.com/raix/Meteor-handlebar-helpers.git",
        "tag": "v0.0.9",
        "commit": "71e94c99462b8801a34c5363510758b6ff5f5ac7"
      },
      "moment": {
        "git": "https://github.com/acreeger/meteor-moment.git",
        "tag": "v2.5.1",
        "commit": "8c9bc5d3fc96705057737cb9743d555417f6e551"
      },
      "accounts-entry": {
        "git": "https://github.com/BeDifferential/accounts-entry.git",
        "tag": "v0.6.0",
        "commit": "54cd9585ea58c88f3dc2d736f3ae7a6fa8432c13"
      },
      "collection2": {
        "git": "https://github.com/aldeed/meteor-collection2.git",
        "tag": "v0.3.8",
        "commit": "69aff2a21ba3c382f915e1f9dbcca2ad38edb6d5"
      },
      "iron-router-progress": {
        "git": "https://github.com/Multiply/iron-router-progress.git",
        "tag": "v0.2.0",
        "commit": "ce730d1d26feadb7c75ea25f22c5bfdb0c549a8b"
      },
      "autoform": {
        "git": "https://github.com/aldeed/meteor-autoform.git",
        "tag": "v0.4.16",
        "commit": "314a85e982e228e35d193019441f208a95645189"
      },
      "minimongoid": {
        "git": "https://github.com/Exygy/minimongoid.git",
        "tag": "v0.8.3",
        "commit": "8a4849426f1775f9886f303067e50877696fae43"
      },
      "roles": {
        "git": "https://github.com/alanning/meteor-roles.git",
        "tag": "v1.2.6",
        "commit": "f2a9058281f8f2fe028767841d7445aadd6893cf"
      },
      "marked": {
        "git": "https://github.com/chuangbo/meteor-marked.git",
        "tag": "v0.2.9",
        "commit": "6485d6f03841501f81176e34ab375840473aa714"
      },
      "ace-embed": {
        "git": "https://github.com/stuartfenton/meteor-ace-embed.git",
        "tag": "v0.0.4",
        "commit": "027b0e1b0d06111b51a713f04a8b8750fdcbd289"
      },
      "just-i18n": {
        "git": "https://github.com/subhog/meteor-just-i18n.git",
        "tag": "v0.1.1",
        "commit": "ce88ac66c0dc107dc2da93ce152616115838101f"
      },
      "accounts-t9n": {
        "git": "https://github.com/softwarerero/meteor-accounts-t9n.git",
        "tag": "v0.0.2",
        "commit": "408e3a037114cb72163073110e2121e3d548c1a2"
      },
      "simple-schema": {
        "git": "https://github.com/aldeed/meteor-simple-schema.git",
        "tag": "v0.2.38",
        "commit": "2deec0041fc6cb2666df8cd6a51914e499e95683"
      },
      "underscore-string-latest": {
        "git": "https://github.com/TimHeckel/meteor-underscore-string.git",
        "tag": "v2.3.3",
        "commit": "4a5d70eee48fbd90a6e6fc78747250d704a0b3bb"
      }
    }
  }
}
