{
  "meteor": {},
  "dependencies": {
    "basePackages": {
      "iron-router": {},
      "sugarjs": {},
      "bootstrap-3": {},
      "font-awesome": {},
      "handlebar-helpers": {},
      "moment": {},
      "accounts-entry": {},
      "collection2": {},
      "iron-router-progress": {},
      "autoform": {},
      "accounts-linkedin": {},
      "GAnalytics": {},
      "apm": {},
      "connection-banner": {},
      "marked": {},
      "phantomjs": {},
      "rssfeed": {}
    },
    "packages": {
      "iron-router": {
        "git": "https://github.com/EventedMind/iron-router.git",
        "tag": "v0.7.0",
        "commit": "05f34bc48c4cad9fdaa366c1ddcabe6980232ece"
      },
      "sugarjs": {
        "git": "https://github.com/crapthings/meteor-sugarjs.git",
        "tag": "v1.4.0.1",
        "commit": "2841738b2c28d2d97c6cf3c41c4558f59f93db0e"
      },
      "bootstrap-3": {
        "git": "https://github.com/mangasocial/meteor-bootstrap-3.git",
        "tag": "v3.1.1-1",
        "commit": "63dd38968828bb8963636df93e9a1c45e2dfe67e"
      },
      "font-awesome": {
        "git": "https://github.com/nate-strauser/meteor-font-awesome.git",
        "tag": "v4.0.3",
        "commit": "61e9361384347547ae144f8228faa4deffda23db"
      },
      "handlebar-helpers": {
        "git": "https://github.com/raix/Meteor-handlebar-helpers.git",
        "tag": "v0.1.1",
        "commit": "0b407ab65e7c1ebd53d71aef0de2e2c1d21a597c"
      },
      "moment": {
        "git": "https://github.com/acreeger/meteor-moment.git",
        "tag": "v2.5.1",
        "commit": "8c9bc5d3fc96705057737cb9743d555417f6e551"
      },
      "accounts-entry": {
        "git": "https://github.com/Differential/accounts-entry.git",
        "tag": "v0.7.2",
        "commit": "cda8617139b5edd79a52023986bfecb48e4b9dc4"
      },
      "collection2": {
        "git": "https://github.com/aldeed/meteor-collection2.git",
        "tag": "v0.3.11",
        "commit": "7e970671305657678e8508d8107d5e6c5e158559"
      },
      "iron-router-progress": {
        "git": "https://github.com/Multiply/iron-router-progress.git",
        "tag": "v0.3.1",
        "commit": "3f7900feb4bb70a1289b39a1fdcd1f438c0335b3"
      },
      "autoform": {
        "git": "https://github.com/aldeed/meteor-autoform.git",
        "tag": "v0.5.1",
        "commit": "7f2c33b0adafc4a8cc57e882b9391dd6ff2a82a7"
      },
      "accounts-linkedin": {
        "git": "https://github.com/yefim/meteor-accounts-linkedin.git",
        "tag": "v0.0.5",
        "commit": "0ccf12b93f5cd6f487caa68a12a640099e358ffd"
      },
      "GAnalytics": {
        "git": "https://github.com/datariot/meteor-ganalytics.git",
        "tag": "v0.1.1",
        "commit": "91b19d37687bb2cd7976fb43b482143a53509d7e"
      },
      "apm": {
        "git": "https://github.com/arunoda/meteor-apm-client.git",
        "tag": "v0.2.14",
        "commit": "3727371164f28d4fbf50efb12a9c75617198b596"
      },
      "connection-banner": {
        "git": "https://github.com/nate-strauser/meteor-connection-banner.git",
        "tag": "v0.2.1",
        "commit": "aeb866f75e626262a97e9c913ac7dd5425e5c118"
      },
      "marked": {
        "git": "https://github.com/chuangbo/meteor-marked.git",
        "tag": "v0.3.2",
        "commit": "850f63135cdeb05344c420bd586fd8af9cab75df"
      },
      "phantomjs": {
        "git": "https://github.com/gadicohen/meteor-phantomjs.git",
        "tag": "v0.0.2",
        "commit": "a72eb79af068dd5d5d617ac71a42bd74e0cb52a4"
      },
      "rssfeed": {
        "git": "https://github.com/raix/Meteor-rssfeed.git",
        "tag": "v0.0.4",
        "commit": "e592cda10c553209491aa08c74096fc4ddefe3d7"
      },
      "blaze-layout": {
        "git": "https://github.com/EventedMind/blaze-layout.git",
        "tag": "v0.2.2",
        "commit": "8bc53798fe5965669ae67c72f91829fcfdceabfd"
      },
      "just-i18n": {
        "git": "https://github.com/subhog/meteor-just-i18n.git",
        "tag": "v0.2.4",
        "commit": "91decfcf5b3b5e67f202a67658350b862330bf3d"
      },
      "accounts-t9n": {
        "git": "https://github.com/softwarerero/meteor-accounts-t9n.git",
        "tag": "v0.0.3",
        "commit": "d1710f979d6955459d9ce0374df81d22c3c6a6ab"
      },
      "simple-schema": {
        "git": "https://github.com/aldeed/meteor-simple-schema.git",
        "tag": "v0.2.45",
        "commit": "27a5a943a70a7376c90f18d2e2a4a122c6fc73fb"
      },
      "linkedin": {
        "git": "https://github.com/yefim/meteor-linkedin.git",
        "tag": "v0.0.2",
        "commit": "c3bac682ea0edd19e58b9172e708f91616888ba0"
      }
    }
  }
}
